{
  "requires": true,
  "lockfileVersion": 1,
  "dependencies": {
    "react-websocket": {
      "version": "2.1.0",
      "resolved": "https://registry.npmjs.org/react-websocket/-/react-websocket-2.1.0.tgz",
      "integrity": "sha512-VstINrNXmp08aol9TQt1LZQgtzmad6CjTvEX8TYAFxU7K0ByMtDP7T2WMtgNEttWtPThVA7TDhHNu+fGTaAExQ=="
    }
  }
}
